// !$*UTF8*$!
{
	archiveVersion = 1;
	classes = {
	};
	objectVersion = 56;
	objects = {

/* Begin PBXBuildFile section */
		CF0AB6162C448155006302E3 /* Vocab.swift in Sources */ = {isa = PBXBuildFile; fileRef = CF0AB6152C448155006302E3 /* Vocab.swift */; };
		CF0AB6192C4484B3006302E3 /* FirebaseAnalyticsOnDeviceConversion in Frameworks */ = {isa = PBXBuildFile; productRef = CF0AB6182C4484B3006302E3 /* FirebaseAnalyticsOnDeviceConversion */; };
		CF0AB61B2C4484B3006302E3 /* FirebaseAnalyticsSwift in Frameworks */ = {isa = PBXBuildFile; productRef = CF0AB61A2C4484B3006302E3 /* FirebaseAnalyticsSwift */; };
		CF0AB61D2C4484B3006302E3 /* FirebaseAnalyticsWithoutAdIdSupport in Frameworks */ = {isa = PBXBuildFile; productRef = CF0AB61C2C4484B3006302E3 /* FirebaseAnalyticsWithoutAdIdSupport */; };
		CF0AB61F2C4484B3006302E3 /* FirebaseAppCheck in Frameworks */ = {isa = PBXBuildFile; productRef = CF0AB61E2C4484B3006302E3 /* FirebaseAppCheck */; };
		CF0AB6212C4484B3006302E3 /* FirebaseAppDistribution-Beta in Frameworks */ = {isa = PBXBuildFile; productRef = CF0AB6202C4484B3006302E3 /* FirebaseAppDistribution-Beta */; };
		CF0AB6232C4484B3006302E3 /* FirebaseAuth in Frameworks */ = {isa = PBXBuildFile; productRef = CF0AB6222C4484B3006302E3 /* FirebaseAuth */; };
		CF0AB6252C4484B3006302E3 /* FirebaseAuthCombine-Community in Frameworks */ = {isa = PBXBuildFile; productRef = CF0AB6242C4484B3006302E3 /* FirebaseAuthCombine-Community */; };
		CF0AB6272C4484B3006302E3 /* FirebaseCrashlytics in Frameworks */ = {isa = PBXBuildFile; productRef = CF0AB6262C4484B3006302E3 /* FirebaseCrashlytics */; };
		CF0AB6292C4484B3006302E3 /* FirebaseDatabase in Frameworks */ = {isa = PBXBuildFile; productRef = CF0AB6282C4484B3006302E3 /* FirebaseDatabase */; };
		CF0AB62B2C4484B3006302E3 /* FirebaseDatabaseSwift in Frameworks */ = {isa = PBXBuildFile; productRef = CF0AB62A2C4484B3006302E3 /* FirebaseDatabaseSwift */; };
		CF0AB62D2C4484B3006302E3 /* FirebaseDynamicLinks in Frameworks */ = {isa = PBXBuildFile; productRef = CF0AB62C2C4484B3006302E3 /* FirebaseDynamicLinks */; };
		CF0AB62F2C4484B3006302E3 /* FirebaseFirestore in Frameworks */ = {isa = PBXBuildFile; productRef = CF0AB62E2C4484B3006302E3 /* FirebaseFirestore */; };
		CF0AB6312C4484B3006302E3 /* FirebaseFirestoreCombine-Community in Frameworks */ = {isa = PBXBuildFile; productRef = CF0AB6302C4484B3006302E3 /* FirebaseFirestoreCombine-Community */; };
		CF0AB6332C4484B3006302E3 /* FirebaseFirestoreSwift in Frameworks */ = {isa = PBXBuildFile; productRef = CF0AB6322C4484B3006302E3 /* FirebaseFirestoreSwift */; };
		CF0AB6352C4484B3006302E3 /* FirebaseFunctions in Frameworks */ = {isa = PBXBuildFile; productRef = CF0AB6342C4484B3006302E3 /* FirebaseFunctions */; };
		CF0AB6372C4484B3006302E3 /* FirebaseFunctionsCombine-Community in Frameworks */ = {isa = PBXBuildFile; productRef = CF0AB6362C4484B3006302E3 /* FirebaseFunctionsCombine-Community */; };
		CF0AB6392C4484B3006302E3 /* FirebaseInAppMessaging-Beta in Frameworks */ = {isa = PBXBuildFile; productRef = CF0AB6382C4484B3006302E3 /* FirebaseInAppMessaging-Beta */; };
		CF0AB63B2C4484B3006302E3 /* FirebaseInAppMessagingSwift-Beta in Frameworks */ = {isa = PBXBuildFile; productRef = CF0AB63A2C4484B3006302E3 /* FirebaseInAppMessagingSwift-Beta */; };
		CF0AB63D2C4484B3006302E3 /* FirebaseInstallations in Frameworks */ = {isa = PBXBuildFile; productRef = CF0AB63C2C4484B3006302E3 /* FirebaseInstallations */; };
		CF0AB63F2C4484B3006302E3 /* FirebaseMessaging in Frameworks */ = {isa = PBXBuildFile; productRef = CF0AB63E2C4484B3006302E3 /* FirebaseMessaging */; };
		CF0AB6412C4484B3006302E3 /* FirebaseMLModelDownloader in Frameworks */ = {isa = PBXBuildFile; productRef = CF0AB6402C4484B3006302E3 /* FirebaseMLModelDownloader */; };
		CF0AB6432C4484B3006302E3 /* FirebasePerformance in Frameworks */ = {isa = PBXBuildFile; productRef = CF0AB6422C4484B3006302E3 /* FirebasePerformance */; };
		CF0AB6452C4484B3006302E3 /* FirebaseRemoteConfig in Frameworks */ = {isa = PBXBuildFile; productRef = CF0AB6442C4484B3006302E3 /* FirebaseRemoteConfig */; };
		CF0AB6472C4484B3006302E3 /* FirebaseRemoteConfigSwift in Frameworks */ = {isa = PBXBuildFile; productRef = CF0AB6462C4484B3006302E3 /* FirebaseRemoteConfigSwift */; };
		CF0AB6492C4484B3006302E3 /* FirebaseStorage in Frameworks */ = {isa = PBXBuildFile; productRef = CF0AB6482C4484B3006302E3 /* FirebaseStorage */; };
		CF0AB64B2C4484B3006302E3 /* FirebaseStorageCombine-Community in Frameworks */ = {isa = PBXBuildFile; productRef = CF0AB64A2C4484B3006302E3 /* FirebaseStorageCombine-Community */; };
		CF0AB64D2C4484B3006302E3 /* FirebaseVertexAI-Preview in Frameworks */ = {isa = PBXBuildFile; productRef = CF0AB64C2C4484B3006302E3 /* FirebaseVertexAI-Preview */; };
		CF0AB64F2C4485C7006302E3 /* AdditionalVocab.swift in Sources */ = {isa = PBXBuildFile; fileRef = CF0AB64E2C4485C7006302E3 /* AdditionalVocab.swift */; };
		CF0AB6512C4485ED006302E3 /* Structure.swift in Sources */ = {isa = PBXBuildFile; fileRef = CF0AB6502C4485ED006302E3 /* Structure.swift */; };
		CF0AB6532C448618006302E3 /* VocabExample.swift in Sources */ = {isa = PBXBuildFile; fileRef = CF0AB6522C448618006302E3 /* VocabExample.swift */; };
		CF0AB6562C4495FB006302E3 /* SwiftCSV in Frameworks */ = {isa = PBXBuildFile; productRef = CF0AB6552C4495FB006302E3 /* SwiftCSV */; };
		CF0AB6582C44A3D8006302E3 /* CSVReader.swift in Sources */ = {isa = PBXBuildFile; fileRef = CF0AB6572C44A3D8006302E3 /* CSVReader.swift */; };
		CF0AB65A2C44AA30006302E3 /* AppDelegate.swift in Sources */ = {isa = PBXBuildFile; fileRef = CF0AB6592C44AA30006302E3 /* AppDelegate.swift */; };
		CF2C824D2C19011600FA5BB7 /* IndividualVocabDetailsView.swift in Sources */ = {isa = PBXBuildFile; fileRef = CF2C824C2C19011600FA5BB7 /* IndividualVocabDetailsView.swift */; };
		CF2C824F2C1901BF00FA5BB7 /* IndividualVocabExamplesView.swift in Sources */ = {isa = PBXBuildFile; fileRef = CF2C824E2C1901BF00FA5BB7 /* IndividualVocabExamplesView.swift */; };
		CF4B52D02BF9F053007BDBFD /* JPLearningiOSApp.swift in Sources */ = {isa = PBXBuildFile; fileRef = CF4B52CF2BF9F053007BDBFD /* JPLearningiOSApp.swift */; };
		CF4B52D42BF9F054007BDBFD /* Assets.xcassets in Resources */ = {isa = PBXBuildFile; fileRef = CF4B52D32BF9F054007BDBFD /* Assets.xcassets */; };
		CF4B52D72BF9F054007BDBFD /* Preview Assets.xcassets in Resources */ = {isa = PBXBuildFile; fileRef = CF4B52D62BF9F054007BDBFD /* Preview Assets.xcassets */; };
		CF4B52E12BF9F057007BDBFD /* JPLearningiOSTests.swift in Sources */ = {isa = PBXBuildFile; fileRef = CF4B52E02BF9F057007BDBFD /* JPLearningiOSTests.swift */; };
		CF4B52EB2BF9F057007BDBFD /* JPLearningiOSUITests.swift in Sources */ = {isa = PBXBuildFile; fileRef = CF4B52EA2BF9F057007BDBFD /* JPLearningiOSUITests.swift */; };
		CF4B52ED2BF9F057007BDBFD /* JPLearningiOSUITestsLaunchTests.swift in Sources */ = {isa = PBXBuildFile; fileRef = CF4B52EC2BF9F057007BDBFD /* JPLearningiOSUITestsLaunchTests.swift */; };
		CF4EB2762BFC57F90081C786 /* IndividualVocabView.swift in Sources */ = {isa = PBXBuildFile; fileRef = CF4EB2752BFC57F90081C786 /* IndividualVocabView.swift */; };
		CF4EB2782BFC6B9E0081C786 /* RootView.swift in Sources */ = {isa = PBXBuildFile; fileRef = CF4EB2772BFC6B9E0081C786 /* RootView.swift */; };
		CF5F313B2C0EB8550069BB3C /* AccountView.swift in Sources */ = {isa = PBXBuildFile; fileRef = CF5F313A2C0EB8550069BB3C /* AccountView.swift */; };
		CF60FE992C4F35C500161FF3 /* DataManager.swift in Sources */ = {isa = PBXBuildFile; fileRef = CF60FE982C4F35C500161FF3 /* DataManager.swift */; };
		CFA8C1902C3CD5510013ED25 /* GoogleService-Info.plist in Resources */ = {isa = PBXBuildFile; fileRef = CFA8C18F2C3CD5510013ED25 /* GoogleService-Info.plist */; };
		CFA8C1932C3CD8F60013ED25 /* FirebaseAnalytics in Frameworks */ = {isa = PBXBuildFile; productRef = CFA8C1922C3CD8F60013ED25 /* FirebaseAnalytics */; };
		CFBD11A62BFACC3600DD779A /* CustomTabBar.swift in Sources */ = {isa = PBXBuildFile; fileRef = CFBD11A52BFACC3600DD779A /* CustomTabBar.swift */; };
		CFBD11AD2BFAF0C500DD779A /* BrowseView.swift in Sources */ = {isa = PBXBuildFile; fileRef = CFBD11AC2BFAF0C500DD779A /* BrowseView.swift */; };
		CFBD11AF2BFAF0FB00DD779A /* MylistView.swift in Sources */ = {isa = PBXBuildFile; fileRef = CFBD11AE2BFAF0FB00DD779A /* MylistView.swift */; };
		CFBD11B12BFAF11600DD779A /* LearningView.swift in Sources */ = {isa = PBXBuildFile; fileRef = CFBD11B02BFAF11600DD779A /* LearningView.swift */; };
		CFBD11B32BFAF12600DD779A /* MediaView.swift in Sources */ = {isa = PBXBuildFile; fileRef = CFBD11B22BFAF12600DD779A /* MediaView.swift */; };
		CFBD11B52BFAF14400DD779A /* JournalView.swift in Sources */ = {isa = PBXBuildFile; fileRef = CFBD11B42BFAF14400DD779A /* JournalView.swift */; };
/* End PBXBuildFile section */

/* Begin PBXContainerItemProxy section */
		CF4B52DD2BF9F057007BDBFD /* PBXContainerItemProxy */ = {
			isa = PBXContainerItemProxy;
			containerPortal = CF4B52C42BF9F053007BDBFD /* Project object */;
			proxyType = 1;
			remoteGlobalIDString = CF4B52CB2BF9F053007BDBFD;
			remoteInfo = JPLearningiOS;
		};
		CF4B52E72BF9F057007BDBFD /* PBXContainerItemProxy */ = {
			isa = PBXContainerItemProxy;
			containerPortal = CF4B52C42BF9F053007BDBFD /* Project object */;
			proxyType = 1;
			remoteGlobalIDString = CF4B52CB2BF9F053007BDBFD;
			remoteInfo = JPLearningiOS;
		};
/* End PBXContainerItemProxy section */

/* Begin PBXFileReference section */
		CF0AB6152C448155006302E3 /* Vocab.swift */ = {isa = PBXFileReference; lastKnownFileType = sourcecode.swift; path = Vocab.swift; sourceTree = "<group>"; };
		CF0AB64E2C4485C7006302E3 /* AdditionalVocab.swift */ = {isa = PBXFileReference; lastKnownFileType = sourcecode.swift; path = AdditionalVocab.swift; sourceTree = "<group>"; };
		CF0AB6502C4485ED006302E3 /* Structure.swift */ = {isa = PBXFileReference; lastKnownFileType = sourcecode.swift; path = Structure.swift; sourceTree = "<group>"; };
		CF0AB6522C448618006302E3 /* VocabExample.swift */ = {isa = PBXFileReference; lastKnownFileType = sourcecode.swift; path = VocabExample.swift; sourceTree = "<group>"; };
		CF0AB6572C44A3D8006302E3 /* CSVReader.swift */ = {isa = PBXFileReference; lastKnownFileType = sourcecode.swift; path = CSVReader.swift; sourceTree = "<group>"; };
		CF0AB6592C44AA30006302E3 /* AppDelegate.swift */ = {isa = PBXFileReference; lastKnownFileType = sourcecode.swift; path = AppDelegate.swift; sourceTree = "<group>"; };
		CF2C824C2C19011600FA5BB7 /* IndividualVocabDetailsView.swift */ = {isa = PBXFileReference; lastKnownFileType = sourcecode.swift; path = IndividualVocabDetailsView.swift; sourceTree = "<group>"; };
		CF2C824E2C1901BF00FA5BB7 /* IndividualVocabExamplesView.swift */ = {isa = PBXFileReference; lastKnownFileType = sourcecode.swift; path = IndividualVocabExamplesView.swift; sourceTree = "<group>"; };
		CF4B52CC2BF9F053007BDBFD /* JPLearningiOS.app */ = {isa = PBXFileReference; explicitFileType = wrapper.application; includeInIndex = 0; path = JPLearningiOS.app; sourceTree = BUILT_PRODUCTS_DIR; };
		CF4B52CF2BF9F053007BDBFD /* JPLearningiOSApp.swift */ = {isa = PBXFileReference; lastKnownFileType = sourcecode.swift; path = JPLearningiOSApp.swift; sourceTree = "<group>"; };
		CF4B52D32BF9F054007BDBFD /* Assets.xcassets */ = {isa = PBXFileReference; lastKnownFileType = folder.assetcatalog; path = Assets.xcassets; sourceTree = "<group>"; };
		CF4B52D62BF9F054007BDBFD /* Preview Assets.xcassets */ = {isa = PBXFileReference; lastKnownFileType = folder.assetcatalog; path = "Preview Assets.xcassets"; sourceTree = "<group>"; };
		CF4B52DC2BF9F057007BDBFD /* JPLearningiOSTests.xctest */ = {isa = PBXFileReference; explicitFileType = wrapper.cfbundle; includeInIndex = 0; path = JPLearningiOSTests.xctest; sourceTree = BUILT_PRODUCTS_DIR; };
		CF4B52E02BF9F057007BDBFD /* JPLearningiOSTests.swift */ = {isa = PBXFileReference; lastKnownFileType = sourcecode.swift; path = JPLearningiOSTests.swift; sourceTree = "<group>"; };
		CF4B52E62BF9F057007BDBFD /* JPLearningiOSUITests.xctest */ = {isa = PBXFileReference; explicitFileType = wrapper.cfbundle; includeInIndex = 0; path = JPLearningiOSUITests.xctest; sourceTree = BUILT_PRODUCTS_DIR; };
		CF4B52EA2BF9F057007BDBFD /* JPLearningiOSUITests.swift */ = {isa = PBXFileReference; lastKnownFileType = sourcecode.swift; path = JPLearningiOSUITests.swift; sourceTree = "<group>"; };
		CF4B52EC2BF9F057007BDBFD /* JPLearningiOSUITestsLaunchTests.swift */ = {isa = PBXFileReference; lastKnownFileType = sourcecode.swift; path = JPLearningiOSUITestsLaunchTests.swift; sourceTree = "<group>"; };
		CF4EB2752BFC57F90081C786 /* IndividualVocabView.swift */ = {isa = PBXFileReference; lastKnownFileType = sourcecode.swift; path = IndividualVocabView.swift; sourceTree = "<group>"; };
		CF4EB2772BFC6B9E0081C786 /* RootView.swift */ = {isa = PBXFileReference; lastKnownFileType = sourcecode.swift; path = RootView.swift; sourceTree = "<group>"; };
		CF5F313A2C0EB8550069BB3C /* AccountView.swift */ = {isa = PBXFileReference; lastKnownFileType = sourcecode.swift; path = AccountView.swift; sourceTree = "<group>"; };
		CF60FE982C4F35C500161FF3 /* DataManager.swift */ = {isa = PBXFileReference; lastKnownFileType = sourcecode.swift; path = DataManager.swift; sourceTree = "<group>"; };
		CFA8C18F2C3CD5510013ED25 /* GoogleService-Info.plist */ = {isa = PBXFileReference; fileEncoding = 4; lastKnownFileType = text.plist.xml; name = "GoogleService-Info.plist"; path = "../../../../Downloads/GoogleService-Info.plist"; sourceTree = "<group>"; };
		CFBD11A52BFACC3600DD779A /* CustomTabBar.swift */ = {isa = PBXFileReference; lastKnownFileType = sourcecode.swift; path = CustomTabBar.swift; sourceTree = "<group>"; };
		CFBD11AC2BFAF0C500DD779A /* BrowseView.swift */ = {isa = PBXFileReference; lastKnownFileType = sourcecode.swift; path = BrowseView.swift; sourceTree = "<group>"; };
		CFBD11AE2BFAF0FB00DD779A /* MylistView.swift */ = {isa = PBXFileReference; lastKnownFileType = sourcecode.swift; path = MylistView.swift; sourceTree = "<group>"; };
		CFBD11B02BFAF11600DD779A /* LearningView.swift */ = {isa = PBXFileReference; lastKnownFileType = sourcecode.swift; path = LearningView.swift; sourceTree = "<group>"; };
		CFBD11B22BFAF12600DD779A /* MediaView.swift */ = {isa = PBXFileReference; lastKnownFileType = sourcecode.swift; path = MediaView.swift; sourceTree = "<group>"; };
		CFBD11B42BFAF14400DD779A /* JournalView.swift */ = {isa = PBXFileReference; lastKnownFileType = sourcecode.swift; path = JournalView.swift; sourceTree = "<group>"; };
/* End PBXFileReference section */

/* Begin PBXFrameworksBuildPhase section */
		CF4B52C92BF9F053007BDBFD /* Frameworks */ = {
			isa = PBXFrameworksBuildPhase;
			buildActionMask = 2147483647;
			files = (
				CF0AB6292C4484B3006302E3 /* FirebaseDatabase in Frameworks */,
				CF0AB6372C4484B3006302E3 /* FirebaseFunctionsCombine-Community in Frameworks */,
				CF0AB6562C4495FB006302E3 /* SwiftCSV in Frameworks */,
				CF0AB62F2C4484B3006302E3 /* FirebaseFirestore in Frameworks */,
				CF0AB61B2C4484B3006302E3 /* FirebaseAnalyticsSwift in Frameworks */,
				CFA8C1932C3CD8F60013ED25 /* FirebaseAnalytics in Frameworks */,
				CF0AB6192C4484B3006302E3 /* FirebaseAnalyticsOnDeviceConversion in Frameworks */,
				CF0AB6332C4484B3006302E3 /* FirebaseFirestoreSwift in Frameworks */,
				CF0AB6412C4484B3006302E3 /* FirebaseMLModelDownloader in Frameworks */,
				CF0AB61F2C4484B3006302E3 /* FirebaseAppCheck in Frameworks */,
				CF0AB61D2C4484B3006302E3 /* FirebaseAnalyticsWithoutAdIdSupport in Frameworks */,
				CF0AB63F2C4484B3006302E3 /* FirebaseMessaging in Frameworks */,
				CF0AB6232C4484B3006302E3 /* FirebaseAuth in Frameworks */,
				CF0AB6472C4484B3006302E3 /* FirebaseRemoteConfigSwift in Frameworks */,
				CF0AB6272C4484B3006302E3 /* FirebaseCrashlytics in Frameworks */,
				CF0AB6392C4484B3006302E3 /* FirebaseInAppMessaging-Beta in Frameworks */,
				CF0AB62B2C4484B3006302E3 /* FirebaseDatabaseSwift in Frameworks */,
				CF0AB64B2C4484B3006302E3 /* FirebaseStorageCombine-Community in Frameworks */,
				CF0AB6452C4484B3006302E3 /* FirebaseRemoteConfig in Frameworks */,
				CF0AB6352C4484B3006302E3 /* FirebaseFunctions in Frameworks */,
				CF0AB6212C4484B3006302E3 /* FirebaseAppDistribution-Beta in Frameworks */,
				CF0AB6432C4484B3006302E3 /* FirebasePerformance in Frameworks */,
				CF0AB6252C4484B3006302E3 /* FirebaseAuthCombine-Community in Frameworks */,
				CF0AB6492C4484B3006302E3 /* FirebaseStorage in Frameworks */,
				CF0AB63B2C4484B3006302E3 /* FirebaseInAppMessagingSwift-Beta in Frameworks */,
				CF0AB64D2C4484B3006302E3 /* FirebaseVertexAI-Preview in Frameworks */,
				CF0AB62D2C4484B3006302E3 /* FirebaseDynamicLinks in Frameworks */,
				CF0AB6312C4484B3006302E3 /* FirebaseFirestoreCombine-Community in Frameworks */,
				CF0AB63D2C4484B3006302E3 /* FirebaseInstallations in Frameworks */,
			);
			runOnlyForDeploymentPostprocessing = 0;
		};
		CF4B52D92BF9F057007BDBFD /* Frameworks */ = {
			isa = PBXFrameworksBuildPhase;
			buildActionMask = 2147483647;
			files = (
			);
			runOnlyForDeploymentPostprocessing = 0;
		};
		CF4B52E32BF9F057007BDBFD /* Frameworks */ = {
			isa = PBXFrameworksBuildPhase;
			buildActionMask = 2147483647;
			files = (
			);
			runOnlyForDeploymentPostprocessing = 0;
		};
/* End PBXFrameworksBuildPhase section */

/* Begin PBXGroup section */
		CF0AB6172C4484B3006302E3 /* Frameworks */ = {
			isa = PBXGroup;
			children = (
			);
			name = Frameworks;
			sourceTree = "<group>";
		};
		CF4B52C32BF9F053007BDBFD = {
			isa = PBXGroup;
			children = (
				CF4B52CE2BF9F053007BDBFD /* JPLearningiOS */,
				CF4B52DF2BF9F057007BDBFD /* JPLearningiOSTests */,
				CF4B52E92BF9F057007BDBFD /* JPLearningiOSUITests */,
				CF4B52CD2BF9F053007BDBFD /* Products */,
				CF0AB6172C4484B3006302E3 /* Frameworks */,
			);
			sourceTree = "<group>";
		};
		CF4B52CD2BF9F053007BDBFD /* Products */ = {
			isa = PBXGroup;
			children = (
				CF4B52CC2BF9F053007BDBFD /* JPLearningiOS.app */,
				CF4B52DC2BF9F057007BDBFD /* JPLearningiOSTests.xctest */,
				CF4B52E62BF9F057007BDBFD /* JPLearningiOSUITests.xctest */,
			);
			name = Products;
			sourceTree = "<group>";
		};
		CF4B52CE2BF9F053007BDBFD /* JPLearningiOS */ = {
			isa = PBXGroup;
			children = (
				CFA8C18F2C3CD5510013ED25 /* GoogleService-Info.plist */,
				CFBD11A12BFACB5E00DD779A /* VIewModels */,
				CFBD11A02BFABDB900DD779A /* Views */,
				CFBD119F2BFABDA300DD779A /* Models */,
				CF4B52CF2BF9F053007BDBFD /* JPLearningiOSApp.swift */,
				CF4B52D32BF9F054007BDBFD /* Assets.xcassets */,
				CF4B52D52BF9F054007BDBFD /* Preview Content */,
				CF0AB6572C44A3D8006302E3 /* CSVReader.swift */,
				CF0AB6592C44AA30006302E3 /* AppDelegate.swift */,
			);
			path = JPLearningiOS;
			sourceTree = "<group>";
		};
		CF4B52D52BF9F054007BDBFD /* Preview Content */ = {
			isa = PBXGroup;
			children = (
				CF4B52D62BF9F054007BDBFD /* Preview Assets.xcassets */,
			);
			path = "Preview Content";
			sourceTree = "<group>";
		};
		CF4B52DF2BF9F057007BDBFD /* JPLearningiOSTests */ = {
			isa = PBXGroup;
			children = (
				CF4B52E02BF9F057007BDBFD /* JPLearningiOSTests.swift */,
			);
			path = JPLearningiOSTests;
			sourceTree = "<group>";
		};
		CF4B52E92BF9F057007BDBFD /* JPLearningiOSUITests */ = {
			isa = PBXGroup;
			children = (
				CF4B52EA2BF9F057007BDBFD /* JPLearningiOSUITests.swift */,
				CF4B52EC2BF9F057007BDBFD /* JPLearningiOSUITestsLaunchTests.swift */,
			);
			path = JPLearningiOSUITests;
			sourceTree = "<group>";
		};
		CFBD119F2BFABDA300DD779A /* Models */ = {
			isa = PBXGroup;
			children = (
				CF0AB6152C448155006302E3 /* Vocab.swift */,
				CF0AB64E2C4485C7006302E3 /* AdditionalVocab.swift */,
				CF0AB6502C4485ED006302E3 /* Structure.swift */,
				CF0AB6522C448618006302E3 /* VocabExample.swift */,
				CF60FE982C4F35C500161FF3 /* DataManager.swift */,
			);
			path = Models;
			sourceTree = "<group>";
		};
		CFBD11A02BFABDB900DD779A /* Views */ = {
			isa = PBXGroup;
			children = (
				CFBD11A42BFACC1500DD779A /* CustomTabBar */,
				CFBD11A72BFAEF1C00DD779A /* Browse */,
				CFBD11A82BFAEF3200DD779A /* Mylist */,
				CFBD11A92BFAEF9D00DD779A /* Learning */,
				CFBD11AA2BFAEFA400DD779A /* Media */,
				CFBD11AB2BFAEFAA00DD779A /* Journal */,
				CF4EB2772BFC6B9E0081C786 /* RootView.swift */,
				CF5F313A2C0EB8550069BB3C /* AccountView.swift */,
			);
			path = Views;
			sourceTree = "<group>";
		};
		CFBD11A12BFACB5E00DD779A /* VIewModels */ = {
			isa = PBXGroup;
			children = (
			);
			path = VIewModels;
			sourceTree = "<group>";
		};
		CFBD11A42BFACC1500DD779A /* CustomTabBar */ = {
			isa = PBXGroup;
			children = (
				CFBD11A52BFACC3600DD779A /* CustomTabBar.swift */,
			);
			path = CustomTabBar;
			sourceTree = "<group>";
		};
		CFBD11A72BFAEF1C00DD779A /* Browse */ = {
			isa = PBXGroup;
			children = (
				CFBD11AC2BFAF0C500DD779A /* BrowseView.swift */,
				CF4EB2752BFC57F90081C786 /* IndividualVocabView.swift */,
				CF2C824C2C19011600FA5BB7 /* IndividualVocabDetailsView.swift */,
				CF2C824E2C1901BF00FA5BB7 /* IndividualVocabExamplesView.swift */,
			);
			path = Browse;
			sourceTree = "<group>";
		};
		CFBD11A82BFAEF3200DD779A /* Mylist */ = {
			isa = PBXGroup;
			children = (
				CFBD11AE2BFAF0FB00DD779A /* MylistView.swift */,
			);
			path = Mylist;
			sourceTree = "<group>";
		};
		CFBD11A92BFAEF9D00DD779A /* Learning */ = {
			isa = PBXGroup;
			children = (
				CFBD11B02BFAF11600DD779A /* LearningView.swift */,
			);
			path = Learning;
			sourceTree = "<group>";
		};
		CFBD11AA2BFAEFA400DD779A /* Media */ = {
			isa = PBXGroup;
			children = (
				CFBD11B22BFAF12600DD779A /* MediaView.swift */,
			);
			path = Media;
			sourceTree = "<group>";
		};
		CFBD11AB2BFAEFAA00DD779A /* Journal */ = {
			isa = PBXGroup;
			children = (
				CFBD11B42BFAF14400DD779A /* JournalView.swift */,
			);
			path = Journal;
			sourceTree = "<group>";
		};
/* End PBXGroup section */

/* Begin PBXNativeTarget section */
		CF4B52CB2BF9F053007BDBFD /* JPLearningiOS */ = {
			isa = PBXNativeTarget;
			buildConfigurationList = CF4B52F02BF9F057007BDBFD /* Build configuration list for PBXNativeTarget "JPLearningiOS" */;
			buildPhases = (
				CF4B52C82BF9F053007BDBFD /* Sources */,
				CF4B52C92BF9F053007BDBFD /* Frameworks */,
				CF4B52CA2BF9F053007BDBFD /* Resources */,
			);
			buildRules = (
			);
			dependencies = (
			);
			name = JPLearningiOS;
			packageProductDependencies = (
				CFA8C1922C3CD8F60013ED25 /* FirebaseAnalytics */,
				CF0AB6182C4484B3006302E3 /* FirebaseAnalyticsOnDeviceConversion */,
				CF0AB61A2C4484B3006302E3 /* FirebaseAnalyticsSwift */,
				CF0AB61C2C4484B3006302E3 /* FirebaseAnalyticsWithoutAdIdSupport */,
				CF0AB61E2C4484B3006302E3 /* FirebaseAppCheck */,
				CF0AB6202C4484B3006302E3 /* FirebaseAppDistribution-Beta */,
				CF0AB6222C4484B3006302E3 /* FirebaseAuth */,
				CF0AB6242C4484B3006302E3 /* FirebaseAuthCombine-Community */,
				CF0AB6262C4484B3006302E3 /* FirebaseCrashlytics */,
				CF0AB6282C4484B3006302E3 /* FirebaseDatabase */,
				CF0AB62A2C4484B3006302E3 /* FirebaseDatabaseSwift */,
				CF0AB62C2C4484B3006302E3 /* FirebaseDynamicLinks */,
				CF0AB62E2C4484B3006302E3 /* FirebaseFirestore */,
				CF0AB6302C4484B3006302E3 /* FirebaseFirestoreCombine-Community */,
				CF0AB6322C4484B3006302E3 /* FirebaseFirestoreSwift */,
				CF0AB6342C4484B3006302E3 /* FirebaseFunctions */,
				CF0AB6362C4484B3006302E3 /* FirebaseFunctionsCombine-Community */,
				CF0AB6382C4484B3006302E3 /* FirebaseInAppMessaging-Beta */,
				CF0AB63A2C4484B3006302E3 /* FirebaseInAppMessagingSwift-Beta */,
				CF0AB63C2C4484B3006302E3 /* FirebaseInstallations */,
				CF0AB63E2C4484B3006302E3 /* FirebaseMessaging */,
				CF0AB6402C4484B3006302E3 /* FirebaseMLModelDownloader */,
				CF0AB6422C4484B3006302E3 /* FirebasePerformance */,
				CF0AB6442C4484B3006302E3 /* FirebaseRemoteConfig */,
				CF0AB6462C4484B3006302E3 /* FirebaseRemoteConfigSwift */,
				CF0AB6482C4484B3006302E3 /* FirebaseStorage */,
				CF0AB64A2C4484B3006302E3 /* FirebaseStorageCombine-Community */,
				CF0AB64C2C4484B3006302E3 /* FirebaseVertexAI-Preview */,
				CF0AB6552C4495FB006302E3 /* SwiftCSV */,
			);
			productName = JPLearningiOS;
			productReference = CF4B52CC2BF9F053007BDBFD /* JPLearningiOS.app */;
			productType = "com.apple.product-type.application";
		};
		CF4B52DB2BF9F057007BDBFD /* JPLearningiOSTests */ = {
			isa = PBXNativeTarget;
			buildConfigurationList = CF4B52F32BF9F057007BDBFD /* Build configuration list for PBXNativeTarget "JPLearningiOSTests" */;
			buildPhases = (
				CF4B52D82BF9F057007BDBFD /* Sources */,
				CF4B52D92BF9F057007BDBFD /* Frameworks */,
				CF4B52DA2BF9F057007BDBFD /* Resources */,
			);
			buildRules = (
			);
			dependencies = (
				CF4B52DE2BF9F057007BDBFD /* PBXTargetDependency */,
			);
			name = JPLearningiOSTests;
			productName = JPLearningiOSTests;
			productReference = CF4B52DC2BF9F057007BDBFD /* JPLearningiOSTests.xctest */;
			productType = "com.apple.product-type.bundle.unit-test";
		};
		CF4B52E52BF9F057007BDBFD /* JPLearningiOSUITests */ = {
			isa = PBXNativeTarget;
			buildConfigurationList = CF4B52F62BF9F057007BDBFD /* Build configuration list for PBXNativeTarget "JPLearningiOSUITests" */;
			buildPhases = (
				CF4B52E22BF9F057007BDBFD /* Sources */,
				CF4B52E32BF9F057007BDBFD /* Frameworks */,
				CF4B52E42BF9F057007BDBFD /* Resources */,
			);
			buildRules = (
			);
			dependencies = (
				CF4B52E82BF9F057007BDBFD /* PBXTargetDependency */,
			);
			name = JPLearningiOSUITests;
			productName = JPLearningiOSUITests;
			productReference = CF4B52E62BF9F057007BDBFD /* JPLearningiOSUITests.xctest */;
			productType = "com.apple.product-type.bundle.ui-testing";
		};
/* End PBXNativeTarget section */

/* Begin PBXProject section */
		CF4B52C42BF9F053007BDBFD /* Project object */ = {
			isa = PBXProject;
			attributes = {
				BuildIndependentTargetsInParallel = 1;
				LastSwiftUpdateCheck = 1530;
				LastUpgradeCheck = 1530;
				TargetAttributes = {
					CF4B52CB2BF9F053007BDBFD = {
						CreatedOnToolsVersion = 15.3;
					};
					CF4B52DB2BF9F057007BDBFD = {
						CreatedOnToolsVersion = 15.3;
						TestTargetID = CF4B52CB2BF9F053007BDBFD;
					};
					CF4B52E52BF9F057007BDBFD = {
						CreatedOnToolsVersion = 15.3;
						TestTargetID = CF4B52CB2BF9F053007BDBFD;
					};
				};
			};
			buildConfigurationList = CF4B52C72BF9F053007BDBFD /* Build configuration list for PBXProject "JPLearningiOS" */;
			compatibilityVersion = "Xcode 14.0";
			developmentRegion = en;
			hasScannedForEncodings = 0;
			knownRegions = (
				en,
				Base,
			);
			mainGroup = CF4B52C32BF9F053007BDBFD;
			packageReferences = (
				CFA8C1912C3CD8F60013ED25 /* XCRemoteSwiftPackageReference "firebase-ios-sdk" */,
				CF0AB6542C4495FB006302E3 /* XCRemoteSwiftPackageReference "SwiftCSV" */,
			);
			productRefGroup = CF4B52CD2BF9F053007BDBFD /* Products */;
			projectDirPath = "";
			projectRoot = "";
			targets = (
				CF4B52CB2BF9F053007BDBFD /* JPLearningiOS */,
				CF4B52DB2BF9F057007BDBFD /* JPLearningiOSTests */,
				CF4B52E52BF9F057007BDBFD /* JPLearningiOSUITests */,
			);
		};
/* End PBXProject section */

/* Begin PBXResourcesBuildPhase section */
		CF4B52CA2BF9F053007BDBFD /* Resources */ = {
			isa = PBXResourcesBuildPhase;
			buildActionMask = 2147483647;
			files = (
				CF4B52D72BF9F054007BDBFD /* Preview Assets.xcassets in Resources */,
				CF4B52D42BF9F054007BDBFD /* Assets.xcassets in Resources */,
				CFA8C1902C3CD5510013ED25 /* GoogleService-Info.plist in Resources */,
			);
			runOnlyForDeploymentPostprocessing = 0;
		};
		CF4B52DA2BF9F057007BDBFD /* Resources */ = {
			isa = PBXResourcesBuildPhase;
			buildActionMask = 2147483647;
			files = (
			);
			runOnlyForDeploymentPostprocessing = 0;
		};
		CF4B52E42BF9F057007BDBFD /* Resources */ = {
			isa = PBXResourcesBuildPhase;
			buildActionMask = 2147483647;
			files = (
			);
			runOnlyForDeploymentPostprocessing = 0;
		};
/* End PBXResourcesBuildPhase section */

/* Begin PBXSourcesBuildPhase section */
		CF4B52C82BF9F053007BDBFD /* Sources */ = {
			isa = PBXSourcesBuildPhase;
			buildActionMask = 2147483647;
			files = (
				CF4B52D02BF9F053007BDBFD /* JPLearningiOSApp.swift in Sources */,
				CFBD11AD2BFAF0C500DD779A /* BrowseView.swift in Sources */,
				CF0AB6512C4485ED006302E3 /* Structure.swift in Sources */,
				CFBD11A62BFACC3600DD779A /* CustomTabBar.swift in Sources */,
				CF0AB6532C448618006302E3 /* VocabExample.swift in Sources */,
				CFBD11AF2BFAF0FB00DD779A /* MylistView.swift in Sources */,
				CF5F313B2C0EB8550069BB3C /* AccountView.swift in Sources */,
				CF0AB6582C44A3D8006302E3 /* CSVReader.swift in Sources */,
				CF4EB2782BFC6B9E0081C786 /* RootView.swift in Sources */,
				CF0AB6162C448155006302E3 /* Vocab.swift in Sources */,
				CFBD11B32BFAF12600DD779A /* MediaView.swift in Sources */,
				CFBD11B52BFAF14400DD779A /* JournalView.swift in Sources */,
				CF0AB65A2C44AA30006302E3 /* AppDelegate.swift in Sources */,
				CFBD11B12BFAF11600DD779A /* LearningView.swift in Sources */,
				CF60FE992C4F35C500161FF3 /* DataManager.swift in Sources */,
				CF0AB64F2C4485C7006302E3 /* AdditionalVocab.swift in Sources */,
				CF4EB2762BFC57F90081C786 /* IndividualVocabView.swift in Sources */,
				CF2C824F2C1901BF00FA5BB7 /* IndividualVocabExamplesView.swift in Sources */,
				CF2C824D2C19011600FA5BB7 /* IndividualVocabDetailsView.swift in Sources */,
			);
			runOnlyForDeploymentPostprocessing = 0;
		};
		CF4B52D82BF9F057007BDBFD /* Sources */ = {
			isa = PBXSourcesBuildPhase;
			buildActionMask = 2147483647;
			files = (
				CF4B52E12BF9F057007BDBFD /* JPLearningiOSTests.swift in Sources */,
			);
			runOnlyForDeploymentPostprocessing = 0;
		};
		CF4B52E22BF9F057007BDBFD /* Sources */ = {
			isa = PBXSourcesBuildPhase;
			buildActionMask = 2147483647;
			files = (
				CF4B52ED2BF9F057007BDBFD /* JPLearningiOSUITestsLaunchTests.swift in Sources */,
				CF4B52EB2BF9F057007BDBFD /* JPLearningiOSUITests.swift in Sources */,
			);
			runOnlyForDeploymentPostprocessing = 0;
		};
/* End PBXSourcesBuildPhase section */

/* Begin PBXTargetDependency section */
		CF4B52DE2BF9F057007BDBFD /* PBXTargetDependency */ = {
			isa = PBXTargetDependency;
			target = CF4B52CB2BF9F053007BDBFD /* JPLearningiOS */;
			targetProxy = CF4B52DD2BF9F057007BDBFD /* PBXContainerItemProxy */;
		};
		CF4B52E82BF9F057007BDBFD /* PBXTargetDependency */ = {
			isa = PBXTargetDependency;
			target = CF4B52CB2BF9F053007BDBFD /* JPLearningiOS */;
			targetProxy = CF4B52E72BF9F057007BDBFD /* PBXContainerItemProxy */;
		};
/* End PBXTargetDependency section */

/* Begin XCBuildConfiguration section */
		CF4B52EE2BF9F057007BDBFD /* Debug */ = {
			isa = XCBuildConfiguration;
			buildSettings = {
				ALWAYS_SEARCH_USER_PATHS = NO;
				ASSETCATALOG_COMPILER_GENERATE_SWIFT_ASSET_SYMBOL_EXTENSIONS = YES;
				CLANG_ANALYZER_NONNULL = YES;
				CLANG_ANALYZER_NUMBER_OBJECT_CONVERSION = YES_AGGRESSIVE;
				CLANG_CXX_LANGUAGE_STANDARD = "gnu++20";
				CLANG_ENABLE_MODULES = YES;
				CLANG_ENABLE_OBJC_ARC = YES;
				CLANG_ENABLE_OBJC_WEAK = YES;
				CLANG_WARN_BLOCK_CAPTURE_AUTORELEASING = YES;
				CLANG_WARN_BOOL_CONVERSION = YES;
				CLANG_WARN_COMMA = YES;
				CLANG_WARN_CONSTANT_CONVERSION = YES;
				CLANG_WARN_DEPRECATED_OBJC_IMPLEMENTATIONS = YES;
				CLANG_WARN_DIRECT_OBJC_ISA_USAGE = YES_ERROR;
				CLANG_WARN_DOCUMENTATION_COMMENTS = YES;
				CLANG_WARN_EMPTY_BODY = YES;
				CLANG_WARN_ENUM_CONVERSION = YES;
				CLANG_WARN_INFINITE_RECURSION = YES;
				CLANG_WARN_INT_CONVERSION = YES;
				CLANG_WARN_NON_LITERAL_NULL_CONVERSION = YES;
				CLANG_WARN_OBJC_IMPLICIT_RETAIN_SELF = YES;
				CLANG_WARN_OBJC_LITERAL_CONVERSION = YES;
				CLANG_WARN_OBJC_ROOT_CLASS = YES_ERROR;
				CLANG_WARN_QUOTED_INCLUDE_IN_FRAMEWORK_HEADER = YES;
				CLANG_WARN_RANGE_LOOP_ANALYSIS = YES;
				CLANG_WARN_STRICT_PROTOTYPES = YES;
				CLANG_WARN_SUSPICIOUS_MOVE = YES;
				CLANG_WARN_UNGUARDED_AVAILABILITY = YES_AGGRESSIVE;
				CLANG_WARN_UNREACHABLE_CODE = YES;
				CLANG_WARN__DUPLICATE_METHOD_MATCH = YES;
				COPY_PHASE_STRIP = NO;
				DEBUG_INFORMATION_FORMAT = dwarf;
				ENABLE_STRICT_OBJC_MSGSEND = YES;
				ENABLE_TESTABILITY = YES;
				ENABLE_USER_SCRIPT_SANDBOXING = YES;
				GCC_C_LANGUAGE_STANDARD = gnu17;
				GCC_DYNAMIC_NO_PIC = NO;
				GCC_NO_COMMON_BLOCKS = YES;
				GCC_OPTIMIZATION_LEVEL = 0;
				GCC_PREPROCESSOR_DEFINITIONS = (
					"DEBUG=1",
					"$(inherited)",
				);
				GCC_WARN_64_TO_32_BIT_CONVERSION = YES;
				GCC_WARN_ABOUT_RETURN_TYPE = YES_ERROR;
				GCC_WARN_UNDECLARED_SELECTOR = YES;
				GCC_WARN_UNINITIALIZED_AUTOS = YES_AGGRESSIVE;
				GCC_WARN_UNUSED_FUNCTION = YES;
				GCC_WARN_UNUSED_VARIABLE = YES;
				IPHONEOS_DEPLOYMENT_TARGET = 17.4;
				LOCALIZATION_PREFERS_STRING_CATALOGS = YES;
				MTL_ENABLE_DEBUG_INFO = INCLUDE_SOURCE;
				MTL_FAST_MATH = YES;
				ONLY_ACTIVE_ARCH = YES;
				SDKROOT = iphoneos;
				SWIFT_ACTIVE_COMPILATION_CONDITIONS = "DEBUG $(inherited)";
				SWIFT_OPTIMIZATION_LEVEL = "-Onone";
			};
			name = Debug;
		};
		CF4B52EF2BF9F057007BDBFD /* Release */ = {
			isa = XCBuildConfiguration;
			buildSettings = {
				ALWAYS_SEARCH_USER_PATHS = NO;
				ASSETCATALOG_COMPILER_GENERATE_SWIFT_ASSET_SYMBOL_EXTENSIONS = YES;
				CLANG_ANALYZER_NONNULL = YES;
				CLANG_ANALYZER_NUMBER_OBJECT_CONVERSION = YES_AGGRESSIVE;
				CLANG_CXX_LANGUAGE_STANDARD = "gnu++20";
				CLANG_ENABLE_MODULES = YES;
				CLANG_ENABLE_OBJC_ARC = YES;
				CLANG_ENABLE_OBJC_WEAK = YES;
				CLANG_WARN_BLOCK_CAPTURE_AUTORELEASING = YES;
				CLANG_WARN_BOOL_CONVERSION = YES;
				CLANG_WARN_COMMA = YES;
				CLANG_WARN_CONSTANT_CONVERSION = YES;
				CLANG_WARN_DEPRECATED_OBJC_IMPLEMENTATIONS = YES;
				CLANG_WARN_DIRECT_OBJC_ISA_USAGE = YES_ERROR;
				CLANG_WARN_DOCUMENTATION_COMMENTS = YES;
				CLANG_WARN_EMPTY_BODY = YES;
				CLANG_WARN_ENUM_CONVERSION = YES;
				CLANG_WARN_INFINITE_RECURSION = YES;
				CLANG_WARN_INT_CONVERSION = YES;
				CLANG_WARN_NON_LITERAL_NULL_CONVERSION = YES;
				CLANG_WARN_OBJC_IMPLICIT_RETAIN_SELF = YES;
				CLANG_WARN_OBJC_LITERAL_CONVERSION = YES;
				CLANG_WARN_OBJC_ROOT_CLASS = YES_ERROR;
				CLANG_WARN_QUOTED_INCLUDE_IN_FRAMEWORK_HEADER = YES;
				CLANG_WARN_RANGE_LOOP_ANALYSIS = YES;
				CLANG_WARN_STRICT_PROTOTYPES = YES;
				CLANG_WARN_SUSPICIOUS_MOVE = YES;
				CLANG_WARN_UNGUARDED_AVAILABILITY = YES_AGGRESSIVE;
				CLANG_WARN_UNREACHABLE_CODE = YES;
				CLANG_WARN__DUPLICATE_METHOD_MATCH = YES;
				COPY_PHASE_STRIP = NO;
				DEBUG_INFORMATION_FORMAT = "dwarf-with-dsym";
				ENABLE_NS_ASSERTIONS = NO;
				ENABLE_STRICT_OBJC_MSGSEND = YES;
				ENABLE_USER_SCRIPT_SANDBOXING = YES;
				GCC_C_LANGUAGE_STANDARD = gnu17;
				GCC_NO_COMMON_BLOCKS = YES;
				GCC_WARN_64_TO_32_BIT_CONVERSION = YES;
				GCC_WARN_ABOUT_RETURN_TYPE = YES_ERROR;
				GCC_WARN_UNDECLARED_SELECTOR = YES;
				GCC_WARN_UNINITIALIZED_AUTOS = YES_AGGRESSIVE;
				GCC_WARN_UNUSED_FUNCTION = YES;
				GCC_WARN_UNUSED_VARIABLE = YES;
				IPHONEOS_DEPLOYMENT_TARGET = 17.4;
				LOCALIZATION_PREFERS_STRING_CATALOGS = YES;
				MTL_ENABLE_DEBUG_INFO = NO;
				MTL_FAST_MATH = YES;
				SDKROOT = iphoneos;
				SWIFT_COMPILATION_MODE = wholemodule;
				VALIDATE_PRODUCT = YES;
			};
			name = Release;
		};
		CF4B52F12BF9F057007BDBFD /* Debug */ = {
			isa = XCBuildConfiguration;
			buildSettings = {
				ASSETCATALOG_COMPILER_APPICON_NAME = AppIcon;
				ASSETCATALOG_COMPILER_GLOBAL_ACCENT_COLOR_NAME = AccentColor;
				CODE_SIGN_STYLE = Automatic;
				CURRENT_PROJECT_VERSION = 1;
				DEVELOPMENT_ASSET_PATHS = "\"JPLearningiOS/Preview Content\"";
				ENABLE_PREVIEWS = YES;
				GENERATE_INFOPLIST_FILE = YES;
				INFOPLIST_KEY_UIApplicationSceneManifest_Generation = YES;
				INFOPLIST_KEY_UIApplicationSupportsIndirectInputEvents = YES;
				INFOPLIST_KEY_UILaunchScreen_Generation = YES;
				INFOPLIST_KEY_UISupportedInterfaceOrientations_iPad = "UIInterfaceOrientationPortrait UIInterfaceOrientationPortraitUpsideDown UIInterfaceOrientationLandscapeLeft UIInterfaceOrientationLandscapeRight";
				INFOPLIST_KEY_UISupportedInterfaceOrientations_iPhone = "UIInterfaceOrientationPortrait UIInterfaceOrientationLandscapeLeft UIInterfaceOrientationLandscapeRight";
				LD_RUNPATH_SEARCH_PATHS = (
					"$(inherited)",
					"@executable_path/Frameworks",
				);
				MARKETING_VERSION = 1.0;
				PRODUCT_BUNDLE_IDENTIFIER = "com.japanese-app.JPLearningiOS";
				PRODUCT_NAME = "$(TARGET_NAME)";
				SWIFT_EMIT_LOC_STRINGS = YES;
				SWIFT_VERSION = 5.0;
				TARGETED_DEVICE_FAMILY = "1,2";
			};
			name = Debug;
		};
		CF4B52F22BF9F057007BDBFD /* Release */ = {
			isa = XCBuildConfiguration;
			buildSettings = {
				ASSETCATALOG_COMPILER_APPICON_NAME = AppIcon;
				ASSETCATALOG_COMPILER_GLOBAL_ACCENT_COLOR_NAME = AccentColor;
				CODE_SIGN_STYLE = Automatic;
				CURRENT_PROJECT_VERSION = 1;
				DEVELOPMENT_ASSET_PATHS = "\"JPLearningiOS/Preview Content\"";
				ENABLE_PREVIEWS = YES;
				GENERATE_INFOPLIST_FILE = YES;
				INFOPLIST_KEY_UIApplicationSceneManifest_Generation = YES;
				INFOPLIST_KEY_UIApplicationSupportsIndirectInputEvents = YES;
				INFOPLIST_KEY_UILaunchScreen_Generation = YES;
				INFOPLIST_KEY_UISupportedInterfaceOrientations_iPad = "UIInterfaceOrientationPortrait UIInterfaceOrientationPortraitUpsideDown UIInterfaceOrientationLandscapeLeft UIInterfaceOrientationLandscapeRight";
				INFOPLIST_KEY_UISupportedInterfaceOrientations_iPhone = "UIInterfaceOrientationPortrait UIInterfaceOrientationLandscapeLeft UIInterfaceOrientationLandscapeRight";
				LD_RUNPATH_SEARCH_PATHS = (
					"$(inherited)",
					"@executable_path/Frameworks",
				);
				MARKETING_VERSION = 1.0;
				PRODUCT_BUNDLE_IDENTIFIER = "com.japanese-app.JPLearningiOS";
				PRODUCT_NAME = "$(TARGET_NAME)";
				SWIFT_EMIT_LOC_STRINGS = YES;
				SWIFT_VERSION = 5.0;
				TARGETED_DEVICE_FAMILY = "1,2";
			};
			name = Release;
		};
		CF4B52F42BF9F057007BDBFD /* Debug */ = {
			isa = XCBuildConfiguration;
			buildSettings = {
				ALWAYS_EMBED_SWIFT_STANDARD_LIBRARIES = YES;
				BUNDLE_LOADER = "$(TEST_HOST)";
				CODE_SIGN_STYLE = Automatic;
				CURRENT_PROJECT_VERSION = 1;
				GENERATE_INFOPLIST_FILE = YES;
				IPHONEOS_DEPLOYMENT_TARGET = 17.4;
				MARKETING_VERSION = 1.0;
				PRODUCT_BUNDLE_IDENTIFIER = "com.japanese-app.JPLearningiOSTests";
				PRODUCT_NAME = "$(TARGET_NAME)";
				SWIFT_EMIT_LOC_STRINGS = NO;
				SWIFT_VERSION = 5.0;
				TARGETED_DEVICE_FAMILY = "1,2";
				TEST_HOST = "$(BUILT_PRODUCTS_DIR)/JPLearningiOS.app/$(BUNDLE_EXECUTABLE_FOLDER_PATH)/JPLearningiOS";
			};
			name = Debug;
		};
		CF4B52F52BF9F057007BDBFD /* Release */ = {
			isa = XCBuildConfiguration;
			buildSettings = {
				ALWAYS_EMBED_SWIFT_STANDARD_LIBRARIES = YES;
				BUNDLE_LOADER = "$(TEST_HOST)";
				CODE_SIGN_STYLE = Automatic;
				CURRENT_PROJECT_VERSION = 1;
				GENERATE_INFOPLIST_FILE = YES;
				IPHONEOS_DEPLOYMENT_TARGET = 17.4;
				MARKETING_VERSION = 1.0;
				PRODUCT_BUNDLE_IDENTIFIER = "com.japanese-app.JPLearningiOSTests";
				PRODUCT_NAME = "$(TARGET_NAME)";
				SWIFT_EMIT_LOC_STRINGS = NO;
				SWIFT_VERSION = 5.0;
				TARGETED_DEVICE_FAMILY = "1,2";
				TEST_HOST = "$(BUILT_PRODUCTS_DIR)/JPLearningiOS.app/$(BUNDLE_EXECUTABLE_FOLDER_PATH)/JPLearningiOS";
			};
			name = Release;
		};
		CF4B52F72BF9F057007BDBFD /* Debug */ = {
			isa = XCBuildConfiguration;
			buildSettings = {
				ALWAYS_EMBED_SWIFT_STANDARD_LIBRARIES = YES;
				CODE_SIGN_STYLE = Automatic;
				CURRENT_PROJECT_VERSION = 1;
				GENERATE_INFOPLIST_FILE = YES;
				MARKETING_VERSION = 1.0;
				PRODUCT_BUNDLE_IDENTIFIER = "com.japanese-app.JPLearningiOSUITests";
				PRODUCT_NAME = "$(TARGET_NAME)";
				SWIFT_EMIT_LOC_STRINGS = NO;
				SWIFT_VERSION = 5.0;
				TARGETED_DEVICE_FAMILY = "1,2";
				TEST_TARGET_NAME = JPLearningiOS;
			};
			name = Debug;
		};
		CF4B52F82BF9F057007BDBFD /* Release */ = {
			isa = XCBuildConfiguration;
			buildSettings = {
				ALWAYS_EMBED_SWIFT_STANDARD_LIBRARIES = YES;
				CODE_SIGN_STYLE = Automatic;
				CURRENT_PROJECT_VERSION = 1;
				GENERATE_INFOPLIST_FILE = YES;
				MARKETING_VERSION = 1.0;
				PRODUCT_BUNDLE_IDENTIFIER = "com.japanese-app.JPLearningiOSUITests";
				PRODUCT_NAME = "$(TARGET_NAME)";
				SWIFT_EMIT_LOC_STRINGS = NO;
				SWIFT_VERSION = 5.0;
				TARGETED_DEVICE_FAMILY = "1,2";
				TEST_TARGET_NAME = JPLearningiOS;
			};
			name = Release;
		};
/* End XCBuildConfiguration section */

/* Begin XCConfigurationList section */
		CF4B52C72BF9F053007BDBFD /* Build configuration list for PBXProject "JPLearningiOS" */ = {
			isa = XCConfigurationList;
			buildConfigurations = (
				CF4B52EE2BF9F057007BDBFD /* Debug */,
				CF4B52EF2BF9F057007BDBFD /* Release */,
			);
			defaultConfigurationIsVisible = 0;
			defaultConfigurationName = Release;
		};
		CF4B52F02BF9F057007BDBFD /* Build configuration list for PBXNativeTarget "JPLearningiOS" */ = {
			isa = XCConfigurationList;
			buildConfigurations = (
				CF4B52F12BF9F057007BDBFD /* Debug */,
				CF4B52F22BF9F057007BDBFD /* Release */,
			);
			defaultConfigurationIsVisible = 0;
			defaultConfigurationName = Release;
		};
		CF4B52F32BF9F057007BDBFD /* Build configuration list for PBXNativeTarget "JPLearningiOSTests" */ = {
			isa = XCConfigurationList;
			buildConfigurations = (
				CF4B52F42BF9F057007BDBFD /* Debug */,
				CF4B52F52BF9F057007BDBFD /* Release */,
			);
			defaultConfigurationIsVisible = 0;
			defaultConfigurationName = Release;
		};
		CF4B52F62BF9F057007BDBFD /* Build configuration list for PBXNativeTarget "JPLearningiOSUITests" */ = {
			isa = XCConfigurationList;
			buildConfigurations = (
				CF4B52F72BF9F057007BDBFD /* Debug */,
				CF4B52F82BF9F057007BDBFD /* Release */,
			);
			defaultConfigurationIsVisible = 0;
			defaultConfigurationName = Release;
		};
/* End XCConfigurationList section */

/* Begin XCRemoteSwiftPackageReference section */
		CF0AB6542C4495FB006302E3 /* XCRemoteSwiftPackageReference "SwiftCSV" */ = {
			isa = XCRemoteSwiftPackageReference;
			repositoryURL = "https://github.com/swiftcsv/SwiftCSV";
			requirement = {
				kind = upToNextMajorVersion;
				minimumVersion = 0.10.0;
			};
		};
		CFA8C1912C3CD8F60013ED25 /* XCRemoteSwiftPackageReference "firebase-ios-sdk" */ = {
			isa = XCRemoteSwiftPackageReference;
			repositoryURL = "https://github.com/firebase/firebase-ios-sdk";
			requirement = {
				kind = upToNextMajorVersion;
				minimumVersion = 10.29.0;
			};
		};
/* End XCRemoteSwiftPackageReference section */

/* Begin XCSwiftPackageProductDependency section */
		CF0AB6182C4484B3006302E3 /* FirebaseAnalyticsOnDeviceConversion */ = {
			isa = XCSwiftPackageProductDependency;
			package = CFA8C1912C3CD8F60013ED25 /* XCRemoteSwiftPackageReference "firebase-ios-sdk" */;
			productName = FirebaseAnalyticsOnDeviceConversion;
		};
		CF0AB61A2C4484B3006302E3 /* FirebaseAnalyticsSwift */ = {
			isa = XCSwiftPackageProductDependency;
			package = CFA8C1912C3CD8F60013ED25 /* XCRemoteSwiftPackageReference "firebase-ios-sdk" */;
			productName = FirebaseAnalyticsSwift;
		};
		CF0AB61C2C4484B3006302E3 /* FirebaseAnalyticsWithoutAdIdSupport */ = {
			isa = XCSwiftPackageProductDependency;
			package = CFA8C1912C3CD8F60013ED25 /* XCRemoteSwiftPackageReference "firebase-ios-sdk" */;
			productName = FirebaseAnalyticsWithoutAdIdSupport;
		};
		CF0AB61E2C4484B3006302E3 /* FirebaseAppCheck */ = {
			isa = XCSwiftPackageProductDependency;
			package = CFA8C1912C3CD8F60013ED25 /* XCRemoteSwiftPackageReference "firebase-ios-sdk" */;
			productName = FirebaseAppCheck;
		};
		CF0AB6202C4484B3006302E3 /* FirebaseAppDistribution-Beta */ = {
			isa = XCSwiftPackageProductDependency;
			package = CFA8C1912C3CD8F60013ED25 /* XCRemoteSwiftPackageReference "firebase-ios-sdk" */;
			productName = "FirebaseAppDistribution-Beta";
		};
		CF0AB6222C4484B3006302E3 /* FirebaseAuth */ = {
			isa = XCSwiftPackageProductDependency;
			package = CFA8C1912C3CD8F60013ED25 /* XCRemoteSwiftPackageReference "firebase-ios-sdk" */;
			productName = FirebaseAuth;
		};
		CF0AB6242C4484B3006302E3 /* FirebaseAuthCombine-Community */ = {
			isa = XCSwiftPackageProductDependency;
			package = CFA8C1912C3CD8F60013ED25 /* XCRemoteSwiftPackageReference "firebase-ios-sdk" */;
			productName = "FirebaseAuthCombine-Community";
		};
		CF0AB6262C4484B3006302E3 /* FirebaseCrashlytics */ = {
			isa = XCSwiftPackageProductDependency;
			package = CFA8C1912C3CD8F60013ED25 /* XCRemoteSwiftPackageReference "firebase-ios-sdk" */;
			productName = FirebaseCrashlytics;
		};
		CF0AB6282C4484B3006302E3 /* FirebaseDatabase */ = {
			isa = XCSwiftPackageProductDependency;
			package = CFA8C1912C3CD8F60013ED25 /* XCRemoteSwiftPackageReference "firebase-ios-sdk" */;
			productName = FirebaseDatabase;
		};
		CF0AB62A2C4484B3006302E3 /* FirebaseDatabaseSwift */ = {
			isa = XCSwiftPackageProductDependency;
			package = CFA8C1912C3CD8F60013ED25 /* XCRemoteSwiftPackageReference "firebase-ios-sdk" */;
			productName = FirebaseDatabaseSwift;
		};
		CF0AB62C2C4484B3006302E3 /* FirebaseDynamicLinks */ = {
			isa = XCSwiftPackageProductDependency;
			package = CFA8C1912C3CD8F60013ED25 /* XCRemoteSwiftPackageReference "firebase-ios-sdk" */;
			productName = FirebaseDynamicLinks;
		};
		CF0AB62E2C4484B3006302E3 /* FirebaseFirestore */ = {
			isa = XCSwiftPackageProductDependency;
			package = CFA8C1912C3CD8F60013ED25 /* XCRemoteSwiftPackageReference "firebase-ios-sdk" */;
			productName = FirebaseFirestore;
		};
		CF0AB6302C4484B3006302E3 /* FirebaseFirestoreCombine-Community */ = {
			isa = XCSwiftPackageProductDependency;
			package = CFA8C1912C3CD8F60013ED25 /* XCRemoteSwiftPackageReference "firebase-ios-sdk" */;
			productName = "FirebaseFirestoreCombine-Community";
		};
		CF0AB6322C4484B3006302E3 /* FirebaseFirestoreSwift */ = {
			isa = XCSwiftPackageProductDependency;
			package = CFA8C1912C3CD8F60013ED25 /* XCRemoteSwiftPackageReference "firebase-ios-sdk" */;
			productName = FirebaseFirestoreSwift;
		};
		CF0AB6342C4484B3006302E3 /* FirebaseFunctions */ = {
			isa = XCSwiftPackageProductDependency;
			package = CFA8C1912C3CD8F60013ED25 /* XCRemoteSwiftPackageReference "firebase-ios-sdk" */;
			productName = FirebaseFunctions;
		};
		CF0AB6362C4484B3006302E3 /* FirebaseFunctionsCombine-Community */ = {
			isa = XCSwiftPackageProductDependency;
			package = CFA8C1912C3CD8F60013ED25 /* XCRemoteSwiftPackageReference "firebase-ios-sdk" */;
			productName = "FirebaseFunctionsCombine-Community";
		};
		CF0AB6382C4484B3006302E3 /* FirebaseInAppMessaging-Beta */ = {
			isa = XCSwiftPackageProductDependency;
			package = CFA8C1912C3CD8F60013ED25 /* XCRemoteSwiftPackageReference "firebase-ios-sdk" */;
			productName = "FirebaseInAppMessaging-Beta";
		};
		CF0AB63A2C4484B3006302E3 /* FirebaseInAppMessagingSwift-Beta */ = {
			isa = XCSwiftPackageProductDependency;
			package = CFA8C1912C3CD8F60013ED25 /* XCRemoteSwiftPackageReference "firebase-ios-sdk" */;
			productName = "FirebaseInAppMessagingSwift-Beta";
		};
		CF0AB63C2C4484B3006302E3 /* FirebaseInstallations */ = {
			isa = XCSwiftPackageProductDependency;
			package = CFA8C1912C3CD8F60013ED25 /* XCRemoteSwiftPackageReference "firebase-ios-sdk" */;
			productName = FirebaseInstallations;
		};
		CF0AB63E2C4484B3006302E3 /* FirebaseMessaging */ = {
			isa = XCSwiftPackageProductDependency;
			package = CFA8C1912C3CD8F60013ED25 /* XCRemoteSwiftPackageReference "firebase-ios-sdk" */;
			productName = FirebaseMessaging;
		};
		CF0AB6402C4484B3006302E3 /* FirebaseMLModelDownloader */ = {
			isa = XCSwiftPackageProductDependency;
			package = CFA8C1912C3CD8F60013ED25 /* XCRemoteSwiftPackageReference "firebase-ios-sdk" */;
			productName = FirebaseMLModelDownloader;
		};
		CF0AB6422C4484B3006302E3 /* FirebasePerformance */ = {
			isa = XCSwiftPackageProductDependency;
			package = CFA8C1912C3CD8F60013ED25 /* XCRemoteSwiftPackageReference "firebase-ios-sdk" */;
			productName = FirebasePerformance;
		};
		CF0AB6442C4484B3006302E3 /* FirebaseRemoteConfig */ = {
			isa = XCSwiftPackageProductDependency;
			package = CFA8C1912C3CD8F60013ED25 /* XCRemoteSwiftPackageReference "firebase-ios-sdk" */;
			productName = FirebaseRemoteConfig;
		};
		CF0AB6462C4484B3006302E3 /* FirebaseRemoteConfigSwift */ = {
			isa = XCSwiftPackageProductDependency;
			package = CFA8C1912C3CD8F60013ED25 /* XCRemoteSwiftPackageReference "firebase-ios-sdk" */;
			productName = FirebaseRemoteConfigSwift;
		};
		CF0AB6482C4484B3006302E3 /* FirebaseStorage */ = {
			isa = XCSwiftPackageProductDependency;
			package = CFA8C1912C3CD8F60013ED25 /* XCRemoteSwiftPackageReference "firebase-ios-sdk" */;
			productName = FirebaseStorage;
		};
		CF0AB64A2C4484B3006302E3 /* FirebaseStorageCombine-Community */ = {
			isa = XCSwiftPackageProductDependency;
			package = CFA8C1912C3CD8F60013ED25 /* XCRemoteSwiftPackageReference "firebase-ios-sdk" */;
			productName = "FirebaseStorageCombine-Community";
		};
		CF0AB64C2C4484B3006302E3 /* FirebaseVertexAI-Preview */ = {
			isa = XCSwiftPackageProductDependency;
			package = CFA8C1912C3CD8F60013ED25 /* XCRemoteSwiftPackageReference "firebase-ios-sdk" */;
			productName = "FirebaseVertexAI-Preview";
		};
		CF0AB6552C4495FB006302E3 /* SwiftCSV */ = {
			isa = XCSwiftPackageProductDependency;
			package = CF0AB6542C4495FB006302E3 /* XCRemoteSwiftPackageReference "SwiftCSV" */;
			productName = SwiftCSV;
		};
		CFA8C1922C3CD8F60013ED25 /* FirebaseAnalytics */ = {
			isa = XCSwiftPackageProductDependency;
			package = CFA8C1912C3CD8F60013ED25 /* XCRemoteSwiftPackageReference "firebase-ios-sdk" */;
			productName = FirebaseAnalytics;
		};
/* End XCSwiftPackageProductDependency section */
	};
	rootObject = CF4B52C42BF9F053007BDBFD /* Project object */;
}
